PODS:
  - Bolts/Tasks (1.5.0)
  - GoogleMaps (1.10.5)
  - Parse (1.9.1):
    - Bolts/Tasks (>= 1.4.0)

DEPENDENCIES:
  - GoogleMaps (~> 1.10.5)
  - Parse (~> 1.9.1)

SPEC CHECKSUMS:
  Bolts: 722ab9a4f8b50fc4ed1b9998a5a7a2b3f16d80b4
  GoogleMaps: da51c62c338c2d9c47cdad470a0d1e0e4b8544e4
  Parse: 54a965c8c19a6dde90284ab654dbcc77ef8c001b

COCOAPODS: 0.39.0
