// !$*UTF8*$!
{
	archiveVersion = 1;
	classes = {
	};
	objectVersion = 46;
	objects = {

/* Begin PBXBuildFile section */
		3E0B811F1BF70F7F0030CFDA /* FoodShareMapViewViewController.swift in Sources */ = {isa = PBXBuildFile; fileRef = 3E0B811E1BF70F7F0030CFDA /* FoodShareMapViewViewController.swift */; };
		3E8BD5151BF70C0C0018EEE4 /* AppDelegate.swift in Sources */ = {isa = PBXBuildFile; fileRef = 3E8BD5141BF70C0C0018EEE4 /* AppDelegate.swift */; };
		3E8BD51A1BF70C0C0018EEE4 /* Main.storyboard in Resources */ = {isa = PBXBuildFile; fileRef = 3E8BD5181BF70C0C0018EEE4 /* Main.storyboard */; };
		3E8BD51C1BF70C0C0018EEE4 /* Assets.xcassets in Resources */ = {isa = PBXBuildFile; fileRef = 3E8BD51B1BF70C0C0018EEE4 /* Assets.xcassets */; };
		3E8BD51F1BF70C0C0018EEE4 /* LaunchScreen.storyboard in Resources */ = {isa = PBXBuildFile; fileRef = 3E8BD51D1BF70C0C0018EEE4 /* LaunchScreen.storyboard */; };
		3E8BD52A1BF70C0D0018EEE4 /* foodhavenTests.swift in Sources */ = {isa = PBXBuildFile; fileRef = 3E8BD5291BF70C0D0018EEE4 /* foodhavenTests.swift */; };
		3EB06B601BF7E38300D54747 /* HomeRestaurant.swift in Sources */ = {isa = PBXBuildFile; fileRef = 3EB06B5F1BF7E38300D54747 /* HomeRestaurant.swift */; };
		3EB06B621BF7E3CE00D54747 /* Menu.swift in Sources */ = {isa = PBXBuildFile; fileRef = 3EB06B611BF7E3CE00D54747 /* Menu.swift */; };
		3EB06B641BF7E3FC00D54747 /* FoodItem.swift in Sources */ = {isa = PBXBuildFile; fileRef = 3EB06B631BF7E3FC00D54747 /* FoodItem.swift */; };
		3EB06B661BF7F74A00D54747 /* MenuViewController.swift in Sources */ = {isa = PBXBuildFile; fileRef = 3EB06B651BF7F74A00D54747 /* MenuViewController.swift */; };
		3EB06B681BF7FDA700D54747 /* FoodTableViewController.swift in Sources */ = {isa = PBXBuildFile; fileRef = 3EB06B671BF7FDA700D54747 /* FoodTableViewController.swift */; };
		836268AA1BF81E9700759CE5 /* CoreLocation.framework in Frameworks */ = {isa = PBXBuildFile; fileRef = 836268A91BF81E9700759CE5 /* CoreLocation.framework */; };
		836268AC1BF81E9D00759CE5 /* CoreMotion.framework in Frameworks */ = {isa = PBXBuildFile; fileRef = 836268AB1BF81E9D00759CE5 /* CoreMotion.framework */; };
		836268AE1BF81ECA00759CE5 /* CoreGraphics.framework in Frameworks */ = {isa = PBXBuildFile; fileRef = 836268AD1BF81ECA00759CE5 /* CoreGraphics.framework */; };
		836268B01BF81ECF00759CE5 /* SystemConfiguration.framework in Frameworks */ = {isa = PBXBuildFile; fileRef = 836268AF1BF81ECF00759CE5 /* SystemConfiguration.framework */; };
		836268B21BF81EDA00759CE5 /* AudioToolbox.framework in Frameworks */ = {isa = PBXBuildFile; fileRef = 836268B11BF81EDA00759CE5 /* AudioToolbox.framework */; };
		836268B41BF81EE700759CE5 /* UIKit.framework in Frameworks */ = {isa = PBXBuildFile; fileRef = 836268B31BF81EE700759CE5 /* UIKit.framework */; };
		836268B61BF81EED00759CE5 /* AVFoundation.framework in Frameworks */ = {isa = PBXBuildFile; fileRef = 836268B51BF81EED00759CE5 /* AVFoundation.framework */; };
		8CF837441487EFE6844DC670 /* Pods.framework in Frameworks */ = {isa = PBXBuildFile; fileRef = 587208DFF93C7C844A873F7F /* Pods.framework */; };
/* End PBXBuildFile section */

/* Begin PBXContainerItemProxy section */
		3E8BD5261BF70C0D0018EEE4 /* PBXContainerItemProxy */ = {
			isa = PBXContainerItemProxy;
			containerPortal = 3E8BD5091BF70C0C0018EEE4 /* Project object */;
			proxyType = 1;
			remoteGlobalIDString = 3E8BD5101BF70C0C0018EEE4;
			remoteInfo = foodhaven;
		};
/* End PBXContainerItemProxy section */

/* Begin PBXFileReference section */
		3E0B811E1BF70F7F0030CFDA /* FoodShareMapViewViewController.swift */ = {isa = PBXFileReference; fileEncoding = 4; lastKnownFileType = sourcecode.swift; path = FoodShareMapViewViewController.swift; sourceTree = "<group>"; };
		3E8BD5111BF70C0C0018EEE4 /* foodhaven.app */ = {isa = PBXFileReference; explicitFileType = wrapper.application; includeInIndex = 0; path = foodhaven.app; sourceTree = BUILT_PRODUCTS_DIR; };
		3E8BD5141BF70C0C0018EEE4 /* AppDelegate.swift */ = {isa = PBXFileReference; lastKnownFileType = sourcecode.swift; path = AppDelegate.swift; sourceTree = "<group>"; };
		3E8BD5191BF70C0C0018EEE4 /* Base */ = {isa = PBXFileReference; lastKnownFileType = file.storyboard; name = Base; path = Base.lproj/Main.storyboard; sourceTree = "<group>"; };
		3E8BD51B1BF70C0C0018EEE4 /* Assets.xcassets */ = {isa = PBXFileReference; lastKnownFileType = folder.assetcatalog; path = Assets.xcassets; sourceTree = "<group>"; };
		3E8BD51E1BF70C0C0018EEE4 /* Base */ = {isa = PBXFileReference; lastKnownFileType = file.storyboard; name = Base; path = Base.lproj/LaunchScreen.storyboard; sourceTree = "<group>"; };
		3E8BD5201BF70C0C0018EEE4 /* Info.plist */ = {isa = PBXFileReference; lastKnownFileType = text.plist.xml; path = Info.plist; sourceTree = "<group>"; };
		3E8BD5251BF70C0D0018EEE4 /* foodhavenTests.xctest */ = {isa = PBXFileReference; explicitFileType = wrapper.cfbundle; includeInIndex = 0; path = foodhavenTests.xctest; sourceTree = BUILT_PRODUCTS_DIR; };
		3E8BD5291BF70C0D0018EEE4 /* foodhavenTests.swift */ = {isa = PBXFileReference; lastKnownFileType = sourcecode.swift; path = foodhavenTests.swift; sourceTree = "<group>"; };
		3E8BD52B1BF70C0D0018EEE4 /* Info.plist */ = {isa = PBXFileReference; lastKnownFileType = text.plist.xml; path = Info.plist; sourceTree = "<group>"; };
		3EB06B5F1BF7E38300D54747 /* HomeRestaurant.swift */ = {isa = PBXFileReference; fileEncoding = 4; lastKnownFileType = sourcecode.swift; path = HomeRestaurant.swift; sourceTree = "<group>"; };
		3EB06B611BF7E3CE00D54747 /* Menu.swift */ = {isa = PBXFileReference; fileEncoding = 4; lastKnownFileType = sourcecode.swift; path = Menu.swift; sourceTree = "<group>"; };
		3EB06B631BF7E3FC00D54747 /* FoodItem.swift */ = {isa = PBXFileReference; fileEncoding = 4; lastKnownFileType = sourcecode.swift; path = FoodItem.swift; sourceTree = "<group>"; };
		3EB06B651BF7F74A00D54747 /* MenuViewController.swift */ = {isa = PBXFileReference; fileEncoding = 4; lastKnownFileType = sourcecode.swift; path = MenuViewController.swift; sourceTree = "<group>"; };
		3EB06B671BF7FDA700D54747 /* FoodTableViewController.swift */ = {isa = PBXFileReference; fileEncoding = 4; lastKnownFileType = sourcecode.swift; path = FoodTableViewController.swift; sourceTree = "<group>"; };
		587208DFF93C7C844A873F7F /* Pods.framework */ = {isa = PBXFileReference; explicitFileType = wrapper.framework; includeInIndex = 0; path = Pods.framework; sourceTree = BUILT_PRODUCTS_DIR; };
		83143EA0438F119E32098632 /* Pods.debug.xcconfig */ = {isa = PBXFileReference; includeInIndex = 1; lastKnownFileType = text.xcconfig; name = Pods.debug.xcconfig; path = "Pods/Target Support Files/Pods/Pods.debug.xcconfig"; sourceTree = "<group>"; };
		836268A91BF81E9700759CE5 /* CoreLocation.framework */ = {isa = PBXFileReference; lastKnownFileType = wrapper.framework; name = CoreLocation.framework; path = System/Library/Frameworks/CoreLocation.framework; sourceTree = SDKROOT; };
		836268AB1BF81E9D00759CE5 /* CoreMotion.framework */ = {isa = PBXFileReference; lastKnownFileType = wrapper.framework; name = CoreMotion.framework; path = System/Library/Frameworks/CoreMotion.framework; sourceTree = SDKROOT; };
		836268AD1BF81ECA00759CE5 /* CoreGraphics.framework */ = {isa = PBXFileReference; lastKnownFileType = wrapper.framework; name = CoreGraphics.framework; path = System/Library/Frameworks/CoreGraphics.framework; sourceTree = SDKROOT; };
		836268AF1BF81ECF00759CE5 /* SystemConfiguration.framework */ = {isa = PBXFileReference; lastKnownFileType = wrapper.framework; name = SystemConfiguration.framework; path = System/Library/Frameworks/SystemConfiguration.framework; sourceTree = SDKROOT; };
		836268B11BF81EDA00759CE5 /* AudioToolbox.framework */ = {isa = PBXFileReference; lastKnownFileType = wrapper.framework; name = AudioToolbox.framework; path = System/Library/Frameworks/AudioToolbox.framework; sourceTree = SDKROOT; };
		836268B31BF81EE700759CE5 /* UIKit.framework */ = {isa = PBXFileReference; lastKnownFileType = wrapper.framework; name = UIKit.framework; path = System/Library/Frameworks/UIKit.framework; sourceTree = SDKROOT; };
		836268B51BF81EED00759CE5 /* AVFoundation.framework */ = {isa = PBXFileReference; lastKnownFileType = wrapper.framework; name = AVFoundation.framework; path = System/Library/Frameworks/AVFoundation.framework; sourceTree = SDKROOT; };
		836268B71BF8228D00759CE5 /* foodhaven-bridging-header.h */ = {isa = PBXFileReference; fileEncoding = 4; lastKnownFileType = sourcecode.c.h; path = "foodhaven-bridging-header.h"; sourceTree = "<group>"; };
		836268BB1BF822E600759CE5 /* BDAuthenticationState.h */ = {isa = PBXFileReference; fileEncoding = 4; lastKnownFileType = sourcecode.c.h; path = BDAuthenticationState.h; sourceTree = "<group>"; };
		836268BC1BF822E600759CE5 /* BDBeaconInfo.h */ = {isa = PBXFileReference; fileEncoding = 4; lastKnownFileType = sourcecode.c.h; path = BDBeaconInfo.h; sourceTree = "<group>"; };
		836268BD1BF822E600759CE5 /* BDBoundingBox.h */ = {isa = PBXFileReference; fileEncoding = 4; lastKnownFileType = sourcecode.c.h; path = BDBoundingBox.h; sourceTree = "<group>"; };
		836268BE1BF822E600759CE5 /* BDCircle.h */ = {isa = PBXFileReference; fileEncoding = 4; lastKnownFileType = sourcecode.c.h; path = BDCircle.h; sourceTree = "<group>"; };
		836268BF1BF822E600759CE5 /* BDFenceInfo.h */ = {isa = PBXFileReference; fileEncoding = 4; lastKnownFileType = sourcecode.c.h; path = BDFenceInfo.h; sourceTree = "<group>"; };
		836268C01BF822E600759CE5 /* BDGeometry.h */ = {isa = PBXFileReference; fileEncoding = 4; lastKnownFileType = sourcecode.c.h; path = BDGeometry.h; sourceTree = "<group>"; };
		836268C11BF822E600759CE5 /* BDGeospatialUnits.h */ = {isa = PBXFileReference; fileEncoding = 4; lastKnownFileType = sourcecode.c.h; path = BDGeospatialUnits.h; sourceTree = "<group>"; };
		836268C21BF822E600759CE5 /* BDLineString.h */ = {isa = PBXFileReference; fileEncoding = 4; lastKnownFileType = sourcecode.c.h; path = BDLineString.h; sourceTree = "<group>"; };
		836268C31BF822E600759CE5 /* BDLocation.h */ = {isa = PBXFileReference; fileEncoding = 4; lastKnownFileType = sourcecode.c.h; path = BDLocation.h; sourceTree = "<group>"; };
		836268C41BF822E600759CE5 /* BDLocationManager+BDPointSDK.h */ = {isa = PBXFileReference; fileEncoding = 4; lastKnownFileType = sourcecode.c.h; path = "BDLocationManager+BDPointSDK.h"; sourceTree = "<group>"; };
		836268C51BF822E600759CE5 /* BDLocationManager.h */ = {isa = PBXFileReference; fileEncoding = 4; lastKnownFileType = sourcecode.c.h; path = BDLocationManager.h; sourceTree = "<group>"; };
		836268C61BF822E600759CE5 /* BDPAuthenticationStateProvider.h */ = {isa = PBXFileReference; fileEncoding = 4; lastKnownFileType = sourcecode.c.h; path = BDPAuthenticationStateProvider.h; sourceTree = "<group>"; };
		836268C71BF822E600759CE5 /* BDPDeepCopy.h */ = {isa = PBXFileReference; fileEncoding = 4; lastKnownFileType = sourcecode.c.h; path = BDPDeepCopy.h; sourceTree = "<group>"; };
		836268C81BF822E600759CE5 /* BDPGeometry.h */ = {isa = PBXFileReference; fileEncoding = 4; lastKnownFileType = sourcecode.c.h; path = BDPGeometry.h; sourceTree = "<group>"; };
		836268C91BF822E600759CE5 /* BDPLocationDelegate.h */ = {isa = PBXFileReference; fileEncoding = 4; lastKnownFileType = sourcecode.c.h; path = BDPLocationDelegate.h; sourceTree = "<group>"; };
		836268CA1BF822E600759CE5 /* BDPManagedObject.h */ = {isa = PBXFileReference; fileEncoding = 4; lastKnownFileType = sourcecode.c.h; path = BDPManagedObject.h; sourceTree = "<group>"; };
		836268CB1BF822E600759CE5 /* BDPMKShape.h */ = {isa = PBXFileReference; fileEncoding = 4; lastKnownFileType = sourcecode.c.h; path = BDPMKShape.h; sourceTree = "<group>"; };
		836268CC1BF822E600759CE5 /* BDPNamedDescribed.h */ = {isa = PBXFileReference; fileEncoding = 4; lastKnownFileType = sourcecode.c.h; path = BDPNamedDescribed.h; sourceTree = "<group>"; };
		836268CD1BF822E600759CE5 /* BDPoint.h */ = {isa = PBXFileReference; fileEncoding = 4; lastKnownFileType = sourcecode.c.h; path = BDPoint.h; sourceTree = "<group>"; };
		836268CE1BF822E600759CE5 /* BDPointDelegate.h */ = {isa = PBXFileReference; fileEncoding = 4; lastKnownFileType = sourcecode.c.h; path = BDPointDelegate.h; sourceTree = "<group>"; };
		836268CF1BF822E600759CE5 /* BDPointOverlayRendererFactory.h */ = {isa = PBXFileReference; fileEncoding = 4; lastKnownFileType = sourcecode.c.h; path = BDPointOverlayRendererFactory.h; sourceTree = "<group>"; };
		836268D01BF822E600759CE5 /* BDPointSDK.h */ = {isa = PBXFileReference; fileEncoding = 4; lastKnownFileType = sourcecode.c.h; path = BDPointSDK.h; sourceTree = "<group>"; };
		836268D11BF822E600759CE5 /* BDPointSessionException.h */ = {isa = PBXFileReference; fileEncoding = 4; lastKnownFileType = sourcecode.c.h; path = BDPointSessionException.h; sourceTree = "<group>"; };
		836268D21BF822E600759CE5 /* BDPolygon.h */ = {isa = PBXFileReference; fileEncoding = 4; lastKnownFileType = sourcecode.c.h; path = BDPolygon.h; sourceTree = "<group>"; };
		836268D31BF822E600759CE5 /* BDPolygonal.h */ = {isa = PBXFileReference; fileEncoding = 4; lastKnownFileType = sourcecode.c.h; path = BDPolygonal.h; sourceTree = "<group>"; };
		836268D41BF822E600759CE5 /* BDPRestartAlertDelegate.h */ = {isa = PBXFileReference; fileEncoding = 4; lastKnownFileType = sourcecode.c.h; path = BDPRestartAlertDelegate.h; sourceTree = "<group>"; };
		836268D51BF822E600759CE5 /* BDPSessionDelegate.h */ = {isa = PBXFileReference; fileEncoding = 4; lastKnownFileType = sourcecode.c.h; path = BDPSessionDelegate.h; sourceTree = "<group>"; };
		836268D61BF822E600759CE5 /* BDPSpatialObject.h */ = {isa = PBXFileReference; fileEncoding = 4; lastKnownFileType = sourcecode.c.h; path = BDPSpatialObject.h; sourceTree = "<group>"; };
		836268D71BF822E600759CE5 /* BDPSpatialObjectInfo.h */ = {isa = PBXFileReference; fileEncoding = 4; lastKnownFileType = sourcecode.c.h; path = BDPSpatialObjectInfo.h; sourceTree = "<group>"; };
		836268D81BF822E600759CE5 /* BDPValidatable.h */ = {isa = PBXFileReference; fileEncoding = 4; lastKnownFileType = sourcecode.c.h; path = BDPValidatable.h; sourceTree = "<group>"; };
		836268D91BF822E600759CE5 /* BDZoneInfo.h */ = {isa = PBXFileReference; fileEncoding = 4; lastKnownFileType = sourcecode.c.h; path = BDZoneInfo.h; sourceTree = "<group>"; };
		836268DA1BF822E600759CE5 /* MKMapView+BDPointSDK.h */ = {isa = PBXFileReference; fileEncoding = 4; lastKnownFileType = sourcecode.c.h; path = "MKMapView+BDPointSDK.h"; sourceTree = "<group>"; };
		836268DB1BF822E600759CE5 /* NSString+BDURLEncoding.h */ = {isa = PBXFileReference; fileEncoding = 4; lastKnownFileType = sourcecode.c.h; path = "NSString+BDURLEncoding.h"; sourceTree = "<group>"; };
		ACC95E4203BD158F51854834 /* Pods.release.xcconfig */ = {isa = PBXFileReference; includeInIndex = 1; lastKnownFileType = text.xcconfig; name = Pods.release.xcconfig; path = "Pods/Target Support Files/Pods/Pods.release.xcconfig"; sourceTree = "<group>"; };
/* End PBXFileReference section */

/* Begin PBXFrameworksBuildPhase section */
		3E8BD50E1BF70C0C0018EEE4 /* Frameworks */ = {
			isa = PBXFrameworksBuildPhase;
			buildActionMask = 2147483647;
			files = (
				836268B61BF81EED00759CE5 /* AVFoundation.framework in Frameworks */,
				836268B41BF81EE700759CE5 /* UIKit.framework in Frameworks */,
				836268B21BF81EDA00759CE5 /* AudioToolbox.framework in Frameworks */,
				836268B01BF81ECF00759CE5 /* SystemConfiguration.framework in Frameworks */,
				836268AE1BF81ECA00759CE5 /* CoreGraphics.framework in Frameworks */,
				836268AC1BF81E9D00759CE5 /* CoreMotion.framework in Frameworks */,
				836268AA1BF81E9700759CE5 /* CoreLocation.framework in Frameworks */,
				8CF837441487EFE6844DC670 /* Pods.framework in Frameworks */,
			);
			runOnlyForDeploymentPostprocessing = 0;
		};
		3E8BD5221BF70C0D0018EEE4 /* Frameworks */ = {
			isa = PBXFrameworksBuildPhase;
			buildActionMask = 2147483647;
			files = (
			);
			runOnlyForDeploymentPostprocessing = 0;
		};
/* End PBXFrameworksBuildPhase section */

/* Begin PBXGroup section */
		3E8BD5081BF70C0C0018EEE4 = {
			isa = PBXGroup;
			children = (
				836268B91BF822E600759CE5 /* BluedotPointSDK */,
				3E8BD5131BF70C0C0018EEE4 /* foodhaven */,
				3E8BD5281BF70C0D0018EEE4 /* foodhavenTests */,
				3E8BD5121BF70C0C0018EEE4 /* Products */,
				3F97307E180F91F133448C88 /* Pods */,
				8E7F2659579BDD43CFB81247 /* Frameworks */,
			);
			sourceTree = "<group>";
		};
		3E8BD5121BF70C0C0018EEE4 /* Products */ = {
			isa = PBXGroup;
			children = (
				3E8BD5111BF70C0C0018EEE4 /* foodhaven.app */,
				3E8BD5251BF70C0D0018EEE4 /* foodhavenTests.xctest */,
			);
			name = Products;
			sourceTree = "<group>";
		};
		3E8BD5131BF70C0C0018EEE4 /* foodhaven */ = {
			isa = PBXGroup;
			children = (
				3EB06B5E1BF7E38300D54747 /* Model */,
				3E8BD5141BF70C0C0018EEE4 /* AppDelegate.swift */,
				3E8BD5181BF70C0C0018EEE4 /* Main.storyboard */,
				3E8BD51B1BF70C0C0018EEE4 /* Assets.xcassets */,
				3E8BD51D1BF70C0C0018EEE4 /* LaunchScreen.storyboard */,
				3E8BD5201BF70C0C0018EEE4 /* Info.plist */,
				3E0B811E1BF70F7F0030CFDA /* FoodShareMapViewViewController.swift */,
				3EB06B651BF7F74A00D54747 /* MenuViewController.swift */,
				3EB06B671BF7FDA700D54747 /* FoodTableViewController.swift */,
				836268B71BF8228D00759CE5 /* foodhaven-bridging-header.h */,
			);
			path = foodhaven;
			sourceTree = "<group>";
		};
		3E8BD5281BF70C0D0018EEE4 /* foodhavenTests */ = {
			isa = PBXGroup;
			children = (
				3E8BD5291BF70C0D0018EEE4 /* foodhavenTests.swift */,
				3E8BD52B1BF70C0D0018EEE4 /* Info.plist */,
			);
			path = foodhavenTests;
			sourceTree = "<group>";
		};
		3EB06B5E1BF7E38300D54747 /* Model */ = {
			isa = PBXGroup;
			children = (
				3EB06B5F1BF7E38300D54747 /* HomeRestaurant.swift */,
				3EB06B611BF7E3CE00D54747 /* Menu.swift */,
				3EB06B631BF7E3FC00D54747 /* FoodItem.swift */,
			);
			path = Model;
			sourceTree = "<group>";
		};
		3F97307E180F91F133448C88 /* Pods */ = {
			isa = PBXGroup;
			children = (
				83143EA0438F119E32098632 /* Pods.debug.xcconfig */,
				ACC95E4203BD158F51854834 /* Pods.release.xcconfig */,
			);
			name = Pods;
			sourceTree = "<group>";
		};
		836268B91BF822E600759CE5 /* BluedotPointSDK */ = {
			isa = PBXGroup;
			children = (
				836268BA1BF822E600759CE5 /* include */,
			);
			path = BluedotPointSDK;
			sourceTree = "<group>";
		};
		836268BA1BF822E600759CE5 /* include */ = {
			isa = PBXGroup;
			children = (
				836268BB1BF822E600759CE5 /* BDAuthenticationState.h */,
				836268BC1BF822E600759CE5 /* BDBeaconInfo.h */,
				836268BD1BF822E600759CE5 /* BDBoundingBox.h */,
				836268BE1BF822E600759CE5 /* BDCircle.h */,
				836268BF1BF822E600759CE5 /* BDFenceInfo.h */,
				836268C01BF822E600759CE5 /* BDGeometry.h */,
				836268C11BF822E600759CE5 /* BDGeospatialUnits.h */,
				836268C21BF822E600759CE5 /* BDLineString.h */,
				836268C31BF822E600759CE5 /* BDLocation.h */,
				836268C41BF822E600759CE5 /* BDLocationManager+BDPointSDK.h */,
				836268C51BF822E600759CE5 /* BDLocationManager.h */,
				836268C61BF822E600759CE5 /* BDPAuthenticationStateProvider.h */,
				836268C71BF822E600759CE5 /* BDPDeepCopy.h */,
				836268C81BF822E600759CE5 /* BDPGeometry.h */,
				836268C91BF822E600759CE5 /* BDPLocationDelegate.h */,
				836268CA1BF822E600759CE5 /* BDPManagedObject.h */,
				836268CB1BF822E600759CE5 /* BDPMKShape.h */,
				836268CC1BF822E600759CE5 /* BDPNamedDescribed.h */,
				836268CD1BF822E600759CE5 /* BDPoint.h */,
				836268CE1BF822E600759CE5 /* BDPointDelegate.h */,
				836268CF1BF822E600759CE5 /* BDPointOverlayRendererFactory.h */,
				836268D01BF822E600759CE5 /* BDPointSDK.h */,
				836268D11BF822E600759CE5 /* BDPointSessionException.h */,
				836268D21BF822E600759CE5 /* BDPolygon.h */,
				836268D31BF822E600759CE5 /* BDPolygonal.h */,
				836268D41BF822E600759CE5 /* BDPRestartAlertDelegate.h */,
				836268D51BF822E600759CE5 /* BDPSessionDelegate.h */,
				836268D61BF822E600759CE5 /* BDPSpatialObject.h */,
				836268D71BF822E600759CE5 /* BDPSpatialObjectInfo.h */,
				836268D81BF822E600759CE5 /* BDPValidatable.h */,
				836268D91BF822E600759CE5 /* BDZoneInfo.h */,
				836268DA1BF822E600759CE5 /* MKMapView+BDPointSDK.h */,
				836268DB1BF822E600759CE5 /* NSString+BDURLEncoding.h */,
			);
			path = include;
			sourceTree = "<group>";
		};
		8E7F2659579BDD43CFB81247 /* Frameworks */ = {
			isa = PBXGroup;
			children = (
				836268B51BF81EED00759CE5 /* AVFoundation.framework */,
				836268B31BF81EE700759CE5 /* UIKit.framework */,
				836268B11BF81EDA00759CE5 /* AudioToolbox.framework */,
				836268AF1BF81ECF00759CE5 /* SystemConfiguration.framework */,
				836268AD1BF81ECA00759CE5 /* CoreGraphics.framework */,
				836268AB1BF81E9D00759CE5 /* CoreMotion.framework */,
				836268A91BF81E9700759CE5 /* CoreLocation.framework */,
				587208DFF93C7C844A873F7F /* Pods.framework */,
			);
			name = Frameworks;
			sourceTree = "<group>";
		};
/* End PBXGroup section */

/* Begin PBXNativeTarget section */
		3E8BD5101BF70C0C0018EEE4 /* foodhaven */ = {
			isa = PBXNativeTarget;
			buildConfigurationList = 3E8BD52E1BF70C0D0018EEE4 /* Build configuration list for PBXNativeTarget "foodhaven" */;
			buildPhases = (
				BAEF5675069A81E8DE65A659 /* Check Pods Manifest.lock */,
				3E8BD50D1BF70C0C0018EEE4 /* Sources */,
				3E8BD50E1BF70C0C0018EEE4 /* Frameworks */,
				3E8BD50F1BF70C0C0018EEE4 /* Resources */,
				31F2D99EB00B651BC3768B11 /* Embed Pods Frameworks */,
				13CCC3B91B3C449D0E44DA52 /* Copy Pods Resources */,
			);
			buildRules = (
			);
			dependencies = (
			);
			name = foodhaven;
			productName = foodhaven;
			productReference = 3E8BD5111BF70C0C0018EEE4 /* foodhaven.app */;
			productType = "com.apple.product-type.application";
		};
		3E8BD5241BF70C0D0018EEE4 /* foodhavenTests */ = {
			isa = PBXNativeTarget;
			buildConfigurationList = 3E8BD5311BF70C0D0018EEE4 /* Build configuration list for PBXNativeTarget "foodhavenTests" */;
			buildPhases = (
				3E8BD5211BF70C0D0018EEE4 /* Sources */,
				3E8BD5221BF70C0D0018EEE4 /* Frameworks */,
				3E8BD5231BF70C0D0018EEE4 /* Resources */,
			);
			buildRules = (
			);
			dependencies = (
				3E8BD5271BF70C0D0018EEE4 /* PBXTargetDependency */,
			);
			name = foodhavenTests;
			productName = foodhavenTests;
			productReference = 3E8BD5251BF70C0D0018EEE4 /* foodhavenTests.xctest */;
			productType = "com.apple.product-type.bundle.unit-test";
		};
/* End PBXNativeTarget section */

/* Begin PBXProject section */
		3E8BD5091BF70C0C0018EEE4 /* Project object */ = {
			isa = PBXProject;
			attributes = {
				LastSwiftUpdateCheck = 0710;
				LastUpgradeCheck = 0710;
				ORGANIZATIONNAME = Madhu;
				TargetAttributes = {
					3E8BD5101BF70C0C0018EEE4 = {
						CreatedOnToolsVersion = 7.1;
					};
					3E8BD5241BF70C0D0018EEE4 = {
						CreatedOnToolsVersion = 7.1;
						TestTargetID = 3E8BD5101BF70C0C0018EEE4;
					};
				};
			};
			buildConfigurationList = 3E8BD50C1BF70C0C0018EEE4 /* Build configuration list for PBXProject "foodhaven" */;
			compatibilityVersion = "Xcode 3.2";
			developmentRegion = English;
			hasScannedForEncodings = 0;
			knownRegions = (
				en,
				Base,
			);
			mainGroup = 3E8BD5081BF70C0C0018EEE4;
			productRefGroup = 3E8BD5121BF70C0C0018EEE4 /* Products */;
			projectDirPath = "";
			projectRoot = "";
			targets = (
				3E8BD5101BF70C0C0018EEE4 /* foodhaven */,
				3E8BD5241BF70C0D0018EEE4 /* foodhavenTests */,
			);
		};
/* End PBXProject section */

/* Begin PBXResourcesBuildPhase section */
		3E8BD50F1BF70C0C0018EEE4 /* Resources */ = {
			isa = PBXResourcesBuildPhase;
			buildActionMask = 2147483647;
			files = (
				3E8BD51F1BF70C0C0018EEE4 /* LaunchScreen.storyboard in Resources */,
				3E8BD51C1BF70C0C0018EEE4 /* Assets.xcassets in Resources */,
				3E8BD51A1BF70C0C0018EEE4 /* Main.storyboard in Resources */,
			);
			runOnlyForDeploymentPostprocessing = 0;
		};
		3E8BD5231BF70C0D0018EEE4 /* Resources */ = {
			isa = PBXResourcesBuildPhase;
			buildActionMask = 2147483647;
			files = (
			);
			runOnlyForDeploymentPostprocessing = 0;
		};
/* End PBXResourcesBuildPhase section */

/* Begin PBXShellScriptBuildPhase section */
		13CCC3B91B3C449D0E44DA52 /* Copy Pods Resources */ = {
			isa = PBXShellScriptBuildPhase;
			buildActionMask = 2147483647;
			files = (
			);
			inputPaths = (
			);
			name = "Copy Pods Resources";
			outputPaths = (
			);
			runOnlyForDeploymentPostprocessing = 0;
			shellPath = /bin/sh;
			shellScript = "\"${SRCROOT}/Pods/Target Support Files/Pods/Pods-resources.sh\"\n";
			showEnvVarsInLog = 0;
		};
		31F2D99EB00B651BC3768B11 /* Embed Pods Frameworks */ = {
			isa = PBXShellScriptBuildPhase;
			buildActionMask = 2147483647;
			files = (
			);
			inputPaths = (
			);
			name = "Embed Pods Frameworks";
			outputPaths = (
			);
			runOnlyForDeploymentPostprocessing = 0;
			shellPath = /bin/sh;
			shellScript = "\"${SRCROOT}/Pods/Target Support Files/Pods/Pods-frameworks.sh\"\n";
			showEnvVarsInLog = 0;
		};
		BAEF5675069A81E8DE65A659 /* Check Pods Manifest.lock */ = {
			isa = PBXShellScriptBuildPhase;
			buildActionMask = 2147483647;
			files = (
			);
			inputPaths = (
			);
			name = "Check Pods Manifest.lock";
			outputPaths = (
			);
			runOnlyForDeploymentPostprocessing = 0;
			shellPath = /bin/sh;
			shellScript = "diff \"${PODS_ROOT}/../Podfile.lock\" \"${PODS_ROOT}/Manifest.lock\" > /dev/null\nif [[ $? != 0 ]] ; then\n    cat << EOM\nerror: The sandbox is not in sync with the Podfile.lock. Run 'pod install' or update your CocoaPods installation.\nEOM\n    exit 1\nfi\n";
			showEnvVarsInLog = 0;
		};
/* End PBXShellScriptBuildPhase section */

/* Begin PBXSourcesBuildPhase section */
		3E8BD50D1BF70C0C0018EEE4 /* Sources */ = {
			isa = PBXSourcesBuildPhase;
			buildActionMask = 2147483647;
			files = (
				3EB06B601BF7E38300D54747 /* HomeRestaurant.swift in Sources */,
				3EB06B661BF7F74A00D54747 /* MenuViewController.swift in Sources */,
				3E0B811F1BF70F7F0030CFDA /* FoodShareMapViewViewController.swift in Sources */,
				3EB06B681BF7FDA700D54747 /* FoodTableViewController.swift in Sources */,
				3E8BD5151BF70C0C0018EEE4 /* AppDelegate.swift in Sources */,
				3EB06B641BF7E3FC00D54747 /* FoodItem.swift in Sources */,
				3EB06B621BF7E3CE00D54747 /* Menu.swift in Sources */,
			);
			runOnlyForDeploymentPostprocessing = 0;
		};
		3E8BD5211BF70C0D0018EEE4 /* Sources */ = {
			isa = PBXSourcesBuildPhase;
			buildActionMask = 2147483647;
			files = (
				3E8BD52A1BF70C0D0018EEE4 /* foodhavenTests.swift in Sources */,
			);
			runOnlyForDeploymentPostprocessing = 0;
		};
/* End PBXSourcesBuildPhase section */

/* Begin PBXTargetDependency section */
		3E8BD5271BF70C0D0018EEE4 /* PBXTargetDependency */ = {
			isa = PBXTargetDependency;
			target = 3E8BD5101BF70C0C0018EEE4 /* foodhaven */;
			targetProxy = 3E8BD5261BF70C0D0018EEE4 /* PBXContainerItemProxy */;
		};
/* End PBXTargetDependency section */

/* Begin PBXVariantGroup section */
		3E8BD5181BF70C0C0018EEE4 /* Main.storyboard */ = {
			isa = PBXVariantGroup;
			children = (
				3E8BD5191BF70C0C0018EEE4 /* Base */,
			);
			name = Main.storyboard;
			sourceTree = "<group>";
		};
		3E8BD51D1BF70C0C0018EEE4 /* LaunchScreen.storyboard */ = {
			isa = PBXVariantGroup;
			children = (
				3E8BD51E1BF70C0C0018EEE4 /* Base */,
			);
			name = LaunchScreen.storyboard;
			sourceTree = "<group>";
		};
/* End PBXVariantGroup section */

/* Begin XCBuildConfiguration section */
		3E8BD52C1BF70C0D0018EEE4 /* Debug */ = {
			isa = XCBuildConfiguration;
			buildSettings = {
				ALWAYS_SEARCH_USER_PATHS = NO;
				CLANG_CXX_LANGUAGE_STANDARD = "gnu++0x";
				CLANG_CXX_LIBRARY = "libc++";
				CLANG_ENABLE_MODULES = YES;
				CLANG_ENABLE_OBJC_ARC = YES;
				CLANG_WARN_BOOL_CONVERSION = YES;
				CLANG_WARN_CONSTANT_CONVERSION = YES;
				CLANG_WARN_DIRECT_OBJC_ISA_USAGE = YES_ERROR;
				CLANG_WARN_EMPTY_BODY = YES;
				CLANG_WARN_ENUM_CONVERSION = YES;
				CLANG_WARN_INT_CONVERSION = YES;
				CLANG_WARN_OBJC_ROOT_CLASS = YES_ERROR;
				CLANG_WARN_UNREACHABLE_CODE = YES;
				CLANG_WARN__DUPLICATE_METHOD_MATCH = YES;
				"CODE_SIGN_IDENTITY[sdk=iphoneos*]" = "iPhone Developer";
				COPY_PHASE_STRIP = NO;
				DEBUG_INFORMATION_FORMAT = dwarf;
				ENABLE_STRICT_OBJC_MSGSEND = YES;
				ENABLE_TESTABILITY = YES;
				GCC_C_LANGUAGE_STANDARD = gnu99;
				GCC_DYNAMIC_NO_PIC = NO;
				GCC_NO_COMMON_BLOCKS = YES;
				GCC_OPTIMIZATION_LEVEL = 0;
				GCC_PREPROCESSOR_DEFINITIONS = (
					"DEBUG=1",
					"$(inherited)",
				);
				GCC_WARN_64_TO_32_BIT_CONVERSION = YES;
				GCC_WARN_ABOUT_RETURN_TYPE = YES_ERROR;
				GCC_WARN_UNDECLARED_SELECTOR = YES;
				GCC_WARN_UNINITIALIZED_AUTOS = YES_AGGRESSIVE;
				GCC_WARN_UNUSED_FUNCTION = YES;
				GCC_WARN_UNUSED_VARIABLE = YES;
				IPHONEOS_DEPLOYMENT_TARGET = 9.1;
				MTL_ENABLE_DEBUG_INFO = YES;
				ONLY_ACTIVE_ARCH = YES;
				SDKROOT = iphoneos;
				SWIFT_OPTIMIZATION_LEVEL = "-Onone";
			};
			name = Debug;
		};
		3E8BD52D1BF70C0D0018EEE4 /* Release */ = {
			isa = XCBuildConfiguration;
			buildSettings = {
				ALWAYS_SEARCH_USER_PATHS = NO;
				CLANG_CXX_LANGUAGE_STANDARD = "gnu++0x";
				CLANG_CXX_LIBRARY = "libc++";
				CLANG_ENABLE_MODULES = YES;
				CLANG_ENABLE_OBJC_ARC = YES;
				CLANG_WARN_BOOL_CONVERSION = YES;
				CLANG_WARN_CONSTANT_CONVERSION = YES;
				CLANG_WARN_DIRECT_OBJC_ISA_USAGE = YES_ERROR;
				CLANG_WARN_EMPTY_BODY = YES;
				CLANG_WARN_ENUM_CONVERSION = YES;
				CLANG_WARN_INT_CONVERSION = YES;
				CLANG_WARN_OBJC_ROOT_CLASS = YES_ERROR;
				CLANG_WARN_UNREACHABLE_CODE = YES;
				CLANG_WARN__DUPLICATE_METHOD_MATCH = YES;
				"CODE_SIGN_IDENTITY[sdk=iphoneos*]" = "iPhone Developer";
				COPY_PHASE_STRIP = NO;
				DEBUG_INFORMATION_FORMAT = "dwarf-with-dsym";
				ENABLE_NS_ASSERTIONS = NO;
				ENABLE_STRICT_OBJC_MSGSEND = YES;
				GCC_C_LANGUAGE_STANDARD = gnu99;
				GCC_NO_COMMON_BLOCKS = YES;
				GCC_WARN_64_TO_32_BIT_CONVERSION = YES;
				GCC_WARN_ABOUT_RETURN_TYPE = YES_ERROR;
				GCC_WARN_UNDECLARED_SELECTOR = YES;
				GCC_WARN_UNINITIALIZED_AUTOS = YES_AGGRESSIVE;
				GCC_WARN_UNUSED_FUNCTION = YES;
				GCC_WARN_UNUSED_VARIABLE = YES;
				IPHONEOS_DEPLOYMENT_TARGET = 9.1;
				MTL_ENABLE_DEBUG_INFO = NO;
				SDKROOT = iphoneos;
				VALIDATE_PRODUCT = YES;
			};
			name = Release;
		};
		3E8BD52F1BF70C0D0018EEE4 /* Debug */ = {
			isa = XCBuildConfiguration;
			baseConfigurationReference = 83143EA0438F119E32098632 /* Pods.debug.xcconfig */;
			buildSettings = {
				ASSETCATALOG_COMPILER_APPICON_NAME = AppIcon;
				HEADER_SEARCH_PATHS = (
					"$(inherited)",
					"\"${PODS_ROOT}/Headers/Public\"",
					"\"${PODS_ROOT}/Headers/Public/GoogleMaps\"",
					"BluedotPointSDK/include/**",
				);
				ENABLE_BITCODE = NO;
				INFOPLIST_FILE = foodhaven/Info.plist;
				LD_RUNPATH_SEARCH_PATHS = "$(inherited) @executable_path/Frameworks";
				LIBRARY_SEARCH_PATHS = (
					BluedotPointSDK,
					"$(PROJECT_DIR)/BluedotPointSDK",
				);
				OTHER_LDFLAGS = (
					"$(inherited)",
					"-ObjC",
					"-l\"c++\"",
					"-l\"icucore\"",
					"-l\"z\"",
					"-framework",
					"\"AVFoundation\"",
					"-framework",
					"\"Accelerate\"",
					"-framework",
					"\"CoreBluetooth\"",
					"-framework",
					"\"CoreData\"",
					"-framework",
					"\"CoreGraphics\"",
					"-framework",
					"\"CoreLocation\"",
					"-framework",
					"\"CoreText\"",
					"-framework",
					"\"GLKit\"",
					"-framework",
					"\"GoogleMaps\"",
					"-framework",
					"\"ImageIO\"",
					"-framework",
					"\"OpenGLES\"",
					"-framework",
					"\"QuartzCore\"",
					"-framework",
					"\"Security\"",
					"-framework",
					"\"SystemConfiguration\"",
					"-lBDPointSDK-${PLATFORM_NAME}",
				);
				PRODUCT_BUNDLE_IDENTIFIER = com.madhu.foodhaven;
				PRODUCT_NAME = "$(TARGET_NAME)";
				SWIFT_OBJC_BRIDGING_HEADER = "foodhaven/foodhaven-bridging-header.h";
			};
			name = Debug;
		};
		3E8BD5301BF70C0D0018EEE4 /* Release */ = {
			isa = XCBuildConfiguration;
			baseConfigurationReference = ACC95E4203BD158F51854834 /* Pods.release.xcconfig */;
			buildSettings = {
				ASSETCATALOG_COMPILER_APPICON_NAME = AppIcon;
				HEADER_SEARCH_PATHS = (
					"$(inherited)",
					"\"${PODS_ROOT}/Headers/Public\"",
					"\"${PODS_ROOT}/Headers/Public/GoogleMaps\"",
					"BluedotPointSDK/include/**",
				);
				ENABLE_BITCODE = NO;
				INFOPLIST_FILE = foodhaven/Info.plist;
				LD_RUNPATH_SEARCH_PATHS = "$(inherited) @executable_path/Frameworks";
				LIBRARY_SEARCH_PATHS = (
					BluedotPointSDK,
					"$(PROJECT_DIR)/BluedotPointSDK",
				);
				OTHER_LDFLAGS = (
					"$(inherited)",
					"-ObjC",
					"-l\"c++\"",
					"-l\"icucore\"",
					"-l\"z\"",
					"-framework",
					"\"AVFoundation\"",
					"-framework",
					"\"Accelerate\"",
					"-framework",
					"\"CoreBluetooth\"",
					"-framework",
					"\"CoreData\"",
					"-framework",
					"\"CoreGraphics\"",
					"-framework",
					"\"CoreLocation\"",
					"-framework",
					"\"CoreText\"",
					"-framework",
					"\"GLKit\"",
					"-framework",
					"\"GoogleMaps\"",
					"-framework",
					"\"ImageIO\"",
					"-framework",
					"\"OpenGLES\"",
					"-framework",
					"\"QuartzCore\"",
					"-framework",
					"\"Security\"",
					"-framework",
					"\"SystemConfiguration\"",
					"-lBDPointSDK-${PLATFORM_NAME}",
				);
				PRODUCT_BUNDLE_IDENTIFIER = com.madhu.foodhaven;
				PRODUCT_NAME = "$(TARGET_NAME)";
				SWIFT_OBJC_BRIDGING_HEADER = "foodhaven/foodhaven-bridging-header.h";
			};
			name = Release;
		};
		3E8BD5321BF70C0D0018EEE4 /* Debug */ = {
			isa = XCBuildConfiguration;
			buildSettings = {
				BUNDLE_LOADER = "$(TEST_HOST)";
				INFOPLIST_FILE = foodhavenTests/Info.plist;
				LD_RUNPATH_SEARCH_PATHS = "$(inherited) @executable_path/Frameworks @loader_path/Frameworks";
				PRODUCT_BUNDLE_IDENTIFIER = com.madhu.foodhavenTests;
				PRODUCT_NAME = "$(TARGET_NAME)";
				TEST_HOST = "$(BUILT_PRODUCTS_DIR)/foodhaven.app/foodhaven";
			};
			name = Debug;
		};
		3E8BD5331BF70C0D0018EEE4 /* Release */ = {
			isa = XCBuildConfiguration;
			buildSettings = {
				BUNDLE_LOADER = "$(TEST_HOST)";
				INFOPLIST_FILE = foodhavenTests/Info.plist;
				LD_RUNPATH_SEARCH_PATHS = "$(inherited) @executable_path/Frameworks @loader_path/Frameworks";
				PRODUCT_BUNDLE_IDENTIFIER = com.madhu.foodhavenTests;
				PRODUCT_NAME = "$(TARGET_NAME)";
				TEST_HOST = "$(BUILT_PRODUCTS_DIR)/foodhaven.app/foodhaven";
			};
			name = Release;
		};
/* End XCBuildConfiguration section */

/* Begin XCConfigurationList section */
		3E8BD50C1BF70C0C0018EEE4 /* Build configuration list for PBXProject "foodhaven" */ = {
			isa = XCConfigurationList;
			buildConfigurations = (
				3E8BD52C1BF70C0D0018EEE4 /* Debug */,
				3E8BD52D1BF70C0D0018EEE4 /* Release */,
			);
			defaultConfigurationIsVisible = 0;
			defaultConfigurationName = Release;
		};
		3E8BD52E1BF70C0D0018EEE4 /* Build configuration list for PBXNativeTarget "foodhaven" */ = {
			isa = XCConfigurationList;
			buildConfigurations = (
				3E8BD52F1BF70C0D0018EEE4 /* Debug */,
				3E8BD5301BF70C0D0018EEE4 /* Release */,
			);
			defaultConfigurationIsVisible = 0;
			defaultConfigurationName = Release;
		};
		3E8BD5311BF70C0D0018EEE4 /* Build configuration list for PBXNativeTarget "foodhavenTests" */ = {
			isa = XCConfigurationList;
			buildConfigurations = (
				3E8BD5321BF70C0D0018EEE4 /* Debug */,
				3E8BD5331BF70C0D0018EEE4 /* Release */,
			);
			defaultConfigurationIsVisible = 0;
			defaultConfigurationName = Release;
		};
/* End XCConfigurationList section */
	};
	rootObject = 3E8BD5091BF70C0C0018EEE4 /* Project object */;
}
