// !$*UTF8*$!
{
	archiveVersion = 1;
	classes = {
	};
	objectVersion = 46;
	objects = {

/* Begin PBXBuildFile section */
		3E0B811F1BF70F7F0030CFDA /* FoodShareMapViewViewController.swift in Sources */ = {isa = PBXBuildFile; fileRef = 3E0B811E1BF70F7F0030CFDA /* FoodShareMapViewViewController.swift */; };
		3E8BD5151BF70C0C0018EEE4 /* AppDelegate.swift in Sources */ = {isa = PBXBuildFile; fileRef = 3E8BD5141BF70C0C0018EEE4 /* AppDelegate.swift */; };
		3E8BD5171BF70C0C0018EEE4 /* ViewController.swift in Sources */ = {isa = PBXBuildFile; fileRef = 3E8BD5161BF70C0C0018EEE4 /* ViewController.swift */; };
		3E8BD51A1BF70C0C0018EEE4 /* Main.storyboard in Resources */ = {isa = PBXBuildFile; fileRef = 3E8BD5181BF70C0C0018EEE4 /* Main.storyboard */; };
		3E8BD51C1BF70C0C0018EEE4 /* Assets.xcassets in Resources */ = {isa = PBXBuildFile; fileRef = 3E8BD51B1BF70C0C0018EEE4 /* Assets.xcassets */; };
		3E8BD51F1BF70C0C0018EEE4 /* LaunchScreen.storyboard in Resources */ = {isa = PBXBuildFile; fileRef = 3E8BD51D1BF70C0C0018EEE4 /* LaunchScreen.storyboard */; };
		3E8BD52A1BF70C0D0018EEE4 /* foodhavenTests.swift in Sources */ = {isa = PBXBuildFile; fileRef = 3E8BD5291BF70C0D0018EEE4 /* foodhavenTests.swift */; };
		3EB06B601BF7E38300D54747 /* HomeRestaurant.swift in Sources */ = {isa = PBXBuildFile; fileRef = 3EB06B5F1BF7E38300D54747 /* HomeRestaurant.swift */; };
		3EB06B621BF7E3CE00D54747 /* Menu.swift in Sources */ = {isa = PBXBuildFile; fileRef = 3EB06B611BF7E3CE00D54747 /* Menu.swift */; };
		3EB06B641BF7E3FC00D54747 /* FoodItem.swift in Sources */ = {isa = PBXBuildFile; fileRef = 3EB06B631BF7E3FC00D54747 /* FoodItem.swift */; };
		8CF837441487EFE6844DC670 /* Pods.framework in Frameworks */ = {isa = PBXBuildFile; fileRef = 587208DFF93C7C844A873F7F /* Pods.framework */; };
/* End PBXBuildFile section */

/* Begin PBXContainerItemProxy section */
		3E8BD5261BF70C0D0018EEE4 /* PBXContainerItemProxy */ = {
			isa = PBXContainerItemProxy;
			containerPortal = 3E8BD5091BF70C0C0018EEE4 /* Project object */;
			proxyType = 1;
			remoteGlobalIDString = 3E8BD5101BF70C0C0018EEE4;
			remoteInfo = foodhaven;
		};
/* End PBXContainerItemProxy section */

/* Begin PBXFileReference section */
		3E0B811E1BF70F7F0030CFDA /* FoodShareMapViewViewController.swift */ = {isa = PBXFileReference; fileEncoding = 4; lastKnownFileType = sourcecode.swift; path = FoodShareMapViewViewController.swift; sourceTree = "<group>"; };
		3E8BD5111BF70C0C0018EEE4 /* foodhaven.app */ = {isa = PBXFileReference; explicitFileType = wrapper.application; includeInIndex = 0; path = foodhaven.app; sourceTree = BUILT_PRODUCTS_DIR; };
		3E8BD5141BF70C0C0018EEE4 /* AppDelegate.swift */ = {isa = PBXFileReference; lastKnownFileType = sourcecode.swift; path = AppDelegate.swift; sourceTree = "<group>"; };
		3E8BD5161BF70C0C0018EEE4 /* ViewController.swift */ = {isa = PBXFileReference; lastKnownFileType = sourcecode.swift; path = ViewController.swift; sourceTree = "<group>"; };
		3E8BD5191BF70C0C0018EEE4 /* Base */ = {isa = PBXFileReference; lastKnownFileType = file.storyboard; name = Base; path = Base.lproj/Main.storyboard; sourceTree = "<group>"; };
		3E8BD51B1BF70C0C0018EEE4 /* Assets.xcassets */ = {isa = PBXFileReference; lastKnownFileType = folder.assetcatalog; path = Assets.xcassets; sourceTree = "<group>"; };
		3E8BD51E1BF70C0C0018EEE4 /* Base */ = {isa = PBXFileReference; lastKnownFileType = file.storyboard; name = Base; path = Base.lproj/LaunchScreen.storyboard; sourceTree = "<group>"; };
		3E8BD5201BF70C0C0018EEE4 /* Info.plist */ = {isa = PBXFileReference; lastKnownFileType = text.plist.xml; path = Info.plist; sourceTree = "<group>"; };
		3E8BD5251BF70C0D0018EEE4 /* foodhavenTests.xctest */ = {isa = PBXFileReference; explicitFileType = wrapper.cfbundle; includeInIndex = 0; path = foodhavenTests.xctest; sourceTree = BUILT_PRODUCTS_DIR; };
		3E8BD5291BF70C0D0018EEE4 /* foodhavenTests.swift */ = {isa = PBXFileReference; lastKnownFileType = sourcecode.swift; path = foodhavenTests.swift; sourceTree = "<group>"; };
		3E8BD52B1BF70C0D0018EEE4 /* Info.plist */ = {isa = PBXFileReference; lastKnownFileType = text.plist.xml; path = Info.plist; sourceTree = "<group>"; };
		3EB06B5F1BF7E38300D54747 /* HomeRestaurant.swift */ = {isa = PBXFileReference; fileEncoding = 4; lastKnownFileType = sourcecode.swift; path = HomeRestaurant.swift; sourceTree = "<group>"; };
		3EB06B611BF7E3CE00D54747 /* Menu.swift */ = {isa = PBXFileReference; fileEncoding = 4; lastKnownFileType = sourcecode.swift; path = Menu.swift; sourceTree = "<group>"; };
		3EB06B631BF7E3FC00D54747 /* FoodItem.swift */ = {isa = PBXFileReference; fileEncoding = 4; lastKnownFileType = sourcecode.swift; path = FoodItem.swift; sourceTree = "<group>"; };
		587208DFF93C7C844A873F7F /* Pods.framework */ = {isa = PBXFileReference; explicitFileType = wrapper.framework; includeInIndex = 0; path = Pods.framework; sourceTree = BUILT_PRODUCTS_DIR; };
		83143EA0438F119E32098632 /* Pods.debug.xcconfig */ = {isa = PBXFileReference; includeInIndex = 1; lastKnownFileType = text.xcconfig; name = Pods.debug.xcconfig; path = "Pods/Target Support Files/Pods/Pods.debug.xcconfig"; sourceTree = "<group>"; };
		ACC95E4203BD158F51854834 /* Pods.release.xcconfig */ = {isa = PBXFileReference; includeInIndex = 1; lastKnownFileType = text.xcconfig; name = Pods.release.xcconfig; path = "Pods/Target Support Files/Pods/Pods.release.xcconfig"; sourceTree = "<group>"; };
/* End PBXFileReference section */

/* Begin PBXFrameworksBuildPhase section */
		3E8BD50E1BF70C0C0018EEE4 /* Frameworks */ = {
			isa = PBXFrameworksBuildPhase;
			buildActionMask = 2147483647;
			files = (
				8CF837441487EFE6844DC670 /* Pods.framework in Frameworks */,
			);
			runOnlyForDeploymentPostprocessing = 0;
		};
		3E8BD5221BF70C0D0018EEE4 /* Frameworks */ = {
			isa = PBXFrameworksBuildPhase;
			buildActionMask = 2147483647;
			files = (
			);
			runOnlyForDeploymentPostprocessing = 0;
		};
/* End PBXFrameworksBuildPhase section */

/* Begin PBXGroup section */
		3E8BD5081BF70C0C0018EEE4 = {
			isa = PBXGroup;
			children = (
				3E8BD5131BF70C0C0018EEE4 /* foodhaven */,
				3E8BD5281BF70C0D0018EEE4 /* foodhavenTests */,
				3E8BD5121BF70C0C0018EEE4 /* Products */,
				3F97307E180F91F133448C88 /* Pods */,
				8E7F2659579BDD43CFB81247 /* Frameworks */,
			);
			sourceTree = "<group>";
		};
		3E8BD5121BF70C0C0018EEE4 /* Products */ = {
			isa = PBXGroup;
			children = (
				3E8BD5111BF70C0C0018EEE4 /* foodhaven.app */,
				3E8BD5251BF70C0D0018EEE4 /* foodhavenTests.xctest */,
			);
			name = Products;
			sourceTree = "<group>";
		};
		3E8BD5131BF70C0C0018EEE4 /* foodhaven */ = {
			isa = PBXGroup;
			children = (
				3EB06B5E1BF7E38300D54747 /* Model */,
				3E8BD5141BF70C0C0018EEE4 /* AppDelegate.swift */,
				3E8BD5161BF70C0C0018EEE4 /* ViewController.swift */,
				3E8BD5181BF70C0C0018EEE4 /* Main.storyboard */,
				3E8BD51B1BF70C0C0018EEE4 /* Assets.xcassets */,
				3E8BD51D1BF70C0C0018EEE4 /* LaunchScreen.storyboard */,
				3E8BD5201BF70C0C0018EEE4 /* Info.plist */,
				3E0B811E1BF70F7F0030CFDA /* FoodShareMapViewViewController.swift */,
			);
			path = foodhaven;
			sourceTree = "<group>";
		};
		3E8BD5281BF70C0D0018EEE4 /* foodhavenTests */ = {
			isa = PBXGroup;
			children = (
				3E8BD5291BF70C0D0018EEE4 /* foodhavenTests.swift */,
				3E8BD52B1BF70C0D0018EEE4 /* Info.plist */,
			);
			path = foodhavenTests;
			sourceTree = "<group>";
		};
		3EB06B5E1BF7E38300D54747 /* Model */ = {
			isa = PBXGroup;
			children = (
				3EB06B5F1BF7E38300D54747 /* HomeRestaurant.swift */,
				3EB06B611BF7E3CE00D54747 /* Menu.swift */,
				3EB06B631BF7E3FC00D54747 /* FoodItem.swift */,
			);
			path = Model;
			sourceTree = "<group>";
		};
		3F97307E180F91F133448C88 /* Pods */ = {
			isa = PBXGroup;
			children = (
				83143EA0438F119E32098632 /* Pods.debug.xcconfig */,
				ACC95E4203BD158F51854834 /* Pods.release.xcconfig */,
			);
			name = Pods;
			sourceTree = "<group>";
		};
		8E7F2659579BDD43CFB81247 /* Frameworks */ = {
			isa = PBXGroup;
			children = (
				587208DFF93C7C844A873F7F /* Pods.framework */,
			);
			name = Frameworks;
			sourceTree = "<group>";
		};
/* End PBXGroup section */

/* Begin PBXNativeTarget section */
		3E8BD5101BF70C0C0018EEE4 /* foodhaven */ = {
			isa = PBXNativeTarget;
			buildConfigurationList = 3E8BD52E1BF70C0D0018EEE4 /* Build configuration list for PBXNativeTarget "foodhaven" */;
			buildPhases = (
				BAEF5675069A81E8DE65A659 /* Check Pods Manifest.lock */,
				3E8BD50D1BF70C0C0018EEE4 /* Sources */,
				3E8BD50E1BF70C0C0018EEE4 /* Frameworks */,
				3E8BD50F1BF70C0C0018EEE4 /* Resources */,
				31F2D99EB00B651BC3768B11 /* Embed Pods Frameworks */,
				13CCC3B91B3C449D0E44DA52 /* Copy Pods Resources */,
			);
			buildRules = (
			);
			dependencies = (
			);
			name = foodhaven;
			productName = foodhaven;
			productReference = 3E8BD5111BF70C0C0018EEE4 /* foodhaven.app */;
			productType = "com.apple.product-type.application";
		};
		3E8BD5241BF70C0D0018EEE4 /* foodhavenTests */ = {
			isa = PBXNativeTarget;
			buildConfigurationList = 3E8BD5311BF70C0D0018EEE4 /* Build configuration list for PBXNativeTarget "foodhavenTests" */;
			buildPhases = (
				3E8BD5211BF70C0D0018EEE4 /* Sources */,
				3E8BD5221BF70C0D0018EEE4 /* Frameworks */,
				3E8BD5231BF70C0D0018EEE4 /* Resources */,
			);
			buildRules = (
			);
			dependencies = (
				3E8BD5271BF70C0D0018EEE4 /* PBXTargetDependency */,
			);
			name = foodhavenTests;
			productName = foodhavenTests;
			productReference = 3E8BD5251BF70C0D0018EEE4 /* foodhavenTests.xctest */;
			productType = "com.apple.product-type.bundle.unit-test";
		};
/* End PBXNativeTarget section */

/* Begin PBXProject section */
		3E8BD5091BF70C0C0018EEE4 /* Project object */ = {
			isa = PBXProject;
			attributes = {
				LastSwiftUpdateCheck = 0710;
				LastUpgradeCheck = 0710;
				ORGANIZATIONNAME = Madhu;
				TargetAttributes = {
					3E8BD5101BF70C0C0018EEE4 = {
						CreatedOnToolsVersion = 7.1;
					};
					3E8BD5241BF70C0D0018EEE4 = {
						CreatedOnToolsVersion = 7.1;
						TestTargetID = 3E8BD5101BF70C0C0018EEE4;
					};
				};
			};
			buildConfigurationList = 3E8BD50C1BF70C0C0018EEE4 /* Build configuration list for PBXProject "foodhaven" */;
			compatibilityVersion = "Xcode 3.2";
			developmentRegion = English;
			hasScannedForEncodings = 0;
			knownRegions = (
				en,
				Base,
			);
			mainGroup = 3E8BD5081BF70C0C0018EEE4;
			productRefGroup = 3E8BD5121BF70C0C0018EEE4 /* Products */;
			projectDirPath = "";
			projectRoot = "";
			targets = (
				3E8BD5101BF70C0C0018EEE4 /* foodhaven */,
				3E8BD5241BF70C0D0018EEE4 /* foodhavenTests */,
			);
		};
/* End PBXProject section */

/* Begin PBXResourcesBuildPhase section */
		3E8BD50F1BF70C0C0018EEE4 /* Resources */ = {
			isa = PBXResourcesBuildPhase;
			buildActionMask = 2147483647;
			files = (
				3E8BD51F1BF70C0C0018EEE4 /* LaunchScreen.storyboard in Resources */,
				3E8BD51C1BF70C0C0018EEE4 /* Assets.xcassets in Resources */,
				3E8BD51A1BF70C0C0018EEE4 /* Main.storyboard in Resources */,
			);
			runOnlyForDeploymentPostprocessing = 0;
		};
		3E8BD5231BF70C0D0018EEE4 /* Resources */ = {
			isa = PBXResourcesBuildPhase;
			buildActionMask = 2147483647;
			files = (
			);
			runOnlyForDeploymentPostprocessing = 0;
		};
/* End PBXResourcesBuildPhase section */

/* Begin PBXShellScriptBuildPhase section */
		13CCC3B91B3C449D0E44DA52 /* Copy Pods Resources */ = {
			isa = PBXShellScriptBuildPhase;
			buildActionMask = 2147483647;
			files = (
			);
			inputPaths = (
			);
			name = "Copy Pods Resources";
			outputPaths = (
			);
			runOnlyForDeploymentPostprocessing = 0;
			shellPath = /bin/sh;
			shellScript = "\"${SRCROOT}/Pods/Target Support Files/Pods/Pods-resources.sh\"\n";
			showEnvVarsInLog = 0;
		};
		31F2D99EB00B651BC3768B11 /* Embed Pods Frameworks */ = {
			isa = PBXShellScriptBuildPhase;
			buildActionMask = 2147483647;
			files = (
			);
			inputPaths = (
			);
			name = "Embed Pods Frameworks";
			outputPaths = (
			);
			runOnlyForDeploymentPostprocessing = 0;
			shellPath = /bin/sh;
			shellScript = "\"${SRCROOT}/Pods/Target Support Files/Pods/Pods-frameworks.sh\"\n";
			showEnvVarsInLog = 0;
		};
		BAEF5675069A81E8DE65A659 /* Check Pods Manifest.lock */ = {
			isa = PBXShellScriptBuildPhase;
			buildActionMask = 2147483647;
			files = (
			);
			inputPaths = (
			);
			name = "Check Pods Manifest.lock";
			outputPaths = (
			);
			runOnlyForDeploymentPostprocessing = 0;
			shellPath = /bin/sh;
			shellScript = "diff \"${PODS_ROOT}/../Podfile.lock\" \"${PODS_ROOT}/Manifest.lock\" > /dev/null\nif [[ $? != 0 ]] ; then\n    cat << EOM\nerror: The sandbox is not in sync with the Podfile.lock. Run 'pod install' or update your CocoaPods installation.\nEOM\n    exit 1\nfi\n";
			showEnvVarsInLog = 0;
		};
/* End PBXShellScriptBuildPhase section */

/* Begin PBXSourcesBuildPhase section */
		3E8BD50D1BF70C0C0018EEE4 /* Sources */ = {
			isa = PBXSourcesBuildPhase;
			buildActionMask = 2147483647;
			files = (
				3E8BD5171BF70C0C0018EEE4 /* ViewController.swift in Sources */,
				3EB06B601BF7E38300D54747 /* HomeRestaurant.swift in Sources */,
				3E0B811F1BF70F7F0030CFDA /* FoodShareMapViewViewController.swift in Sources */,
				3E8BD5151BF70C0C0018EEE4 /* AppDelegate.swift in Sources */,
				3EB06B641BF7E3FC00D54747 /* FoodItem.swift in Sources */,
				3EB06B621BF7E3CE00D54747 /* Menu.swift in Sources */,
			);
			runOnlyForDeploymentPostprocessing = 0;
		};
		3E8BD5211BF70C0D0018EEE4 /* Sources */ = {
			isa = PBXSourcesBuildPhase;
			buildActionMask = 2147483647;
			files = (
				3E8BD52A1BF70C0D0018EEE4 /* foodhavenTests.swift in Sources */,
			);
			runOnlyForDeploymentPostprocessing = 0;
		};
/* End PBXSourcesBuildPhase section */

/* Begin PBXTargetDependency section */
		3E8BD5271BF70C0D0018EEE4 /* PBXTargetDependency */ = {
			isa = PBXTargetDependency;
			target = 3E8BD5101BF70C0C0018EEE4 /* foodhaven */;
			targetProxy = 3E8BD5261BF70C0D0018EEE4 /* PBXContainerItemProxy */;
		};
/* End PBXTargetDependency section */

/* Begin PBXVariantGroup section */
		3E8BD5181BF70C0C0018EEE4 /* Main.storyboard */ = {
			isa = PBXVariantGroup;
			children = (
				3E8BD5191BF70C0C0018EEE4 /* Base */,
			);
			name = Main.storyboard;
			sourceTree = "<group>";
		};
		3E8BD51D1BF70C0C0018EEE4 /* LaunchScreen.storyboard */ = {
			isa = PBXVariantGroup;
			children = (
				3E8BD51E1BF70C0C0018EEE4 /* Base */,
			);
			name = LaunchScreen.storyboard;
			sourceTree = "<group>";
		};
/* End PBXVariantGroup section */

/* Begin XCBuildConfiguration section */
		3E8BD52C1BF70C0D0018EEE4 /* Debug */ = {
			isa = XCBuildConfiguration;
			buildSettings = {
				ALWAYS_SEARCH_USER_PATHS = NO;
				CLANG_CXX_LANGUAGE_STANDARD = "gnu++0x";
				CLANG_CXX_LIBRARY = "libc++";
				CLANG_ENABLE_MODULES = YES;
				CLANG_ENABLE_OBJC_ARC = YES;
				CLANG_WARN_BOOL_CONVERSION = YES;
				CLANG_WARN_CONSTANT_CONVERSION = YES;
				CLANG_WARN_DIRECT_OBJC_ISA_USAGE = YES_ERROR;
				CLANG_WARN_EMPTY_BODY = YES;
				CLANG_WARN_ENUM_CONVERSION = YES;
				CLANG_WARN_INT_CONVERSION = YES;
				CLANG_WARN_OBJC_ROOT_CLASS = YES_ERROR;
				CLANG_WARN_UNREACHABLE_CODE = YES;
				CLANG_WARN__DUPLICATE_METHOD_MATCH = YES;
				"CODE_SIGN_IDENTITY[sdk=iphoneos*]" = "iPhone Developer";
				COPY_PHASE_STRIP = NO;
				DEBUG_INFORMATION_FORMAT = dwarf;
				ENABLE_STRICT_OBJC_MSGSEND = YES;
				ENABLE_TESTABILITY = YES;
				GCC_C_LANGUAGE_STANDARD = gnu99;
				GCC_DYNAMIC_NO_PIC = NO;
				GCC_NO_COMMON_BLOCKS = YES;
				GCC_OPTIMIZATION_LEVEL = 0;
				GCC_PREPROCESSOR_DEFINITIONS = (
					"DEBUG=1",
					"$(inherited)",
				);
				GCC_WARN_64_TO_32_BIT_CONVERSION = YES;
				GCC_WARN_ABOUT_RETURN_TYPE = YES_ERROR;
				GCC_WARN_UNDECLARED_SELECTOR = YES;
				GCC_WARN_UNINITIALIZED_AUTOS = YES_AGGRESSIVE;
				GCC_WARN_UNUSED_FUNCTION = YES;
				GCC_WARN_UNUSED_VARIABLE = YES;
				IPHONEOS_DEPLOYMENT_TARGET = 9.1;
				MTL_ENABLE_DEBUG_INFO = YES;
				ONLY_ACTIVE_ARCH = YES;
				SDKROOT = iphoneos;
				SWIFT_OPTIMIZATION_LEVEL = "-Onone";
			};
			name = Debug;
		};
		3E8BD52D1BF70C0D0018EEE4 /* Release */ = {
			isa = XCBuildConfiguration;
			buildSettings = {
				ALWAYS_SEARCH_USER_PATHS = NO;
				CLANG_CXX_LANGUAGE_STANDARD = "gnu++0x";
				CLANG_CXX_LIBRARY = "libc++";
				CLANG_ENABLE_MODULES = YES;
				CLANG_ENABLE_OBJC_ARC = YES;
				CLANG_WARN_BOOL_CONVERSION = YES;
				CLANG_WARN_CONSTANT_CONVERSION = YES;
				CLANG_WARN_DIRECT_OBJC_ISA_USAGE = YES_ERROR;
				CLANG_WARN_EMPTY_BODY = YES;
				CLANG_WARN_ENUM_CONVERSION = YES;
				CLANG_WARN_INT_CONVERSION = YES;
				CLANG_WARN_OBJC_ROOT_CLASS = YES_ERROR;
				CLANG_WARN_UNREACHABLE_CODE = YES;
				CLANG_WARN__DUPLICATE_METHOD_MATCH = YES;
				"CODE_SIGN_IDENTITY[sdk=iphoneos*]" = "iPhone Developer";
				COPY_PHASE_STRIP = NO;
				DEBUG_INFORMATION_FORMAT = "dwarf-with-dsym";
				ENABLE_NS_ASSERTIONS = NO;
				ENABLE_STRICT_OBJC_MSGSEND = YES;
				GCC_C_LANGUAGE_STANDARD = gnu99;
				GCC_NO_COMMON_BLOCKS = YES;
				GCC_WARN_64_TO_32_BIT_CONVERSION = YES;
				GCC_WARN_ABOUT_RETURN_TYPE = YES_ERROR;
				GCC_WARN_UNDECLARED_SELECTOR = YES;
				GCC_WARN_UNINITIALIZED_AUTOS = YES_AGGRESSIVE;
				GCC_WARN_UNUSED_FUNCTION = YES;
				GCC_WARN_UNUSED_VARIABLE = YES;
				IPHONEOS_DEPLOYMENT_TARGET = 9.1;
				MTL_ENABLE_DEBUG_INFO = NO;
				SDKROOT = iphoneos;
				VALIDATE_PRODUCT = YES;
			};
			name = Release;
		};
		3E8BD52F1BF70C0D0018EEE4 /* Debug */ = {
			isa = XCBuildConfiguration;
			baseConfigurationReference = 83143EA0438F119E32098632 /* Pods.debug.xcconfig */;
			buildSettings = {
				ASSETCATALOG_COMPILER_APPICON_NAME = AppIcon;
				INFOPLIST_FILE = foodhaven/Info.plist;
				LD_RUNPATH_SEARCH_PATHS = "$(inherited) @executable_path/Frameworks";
				PRODUCT_BUNDLE_IDENTIFIER = com.madhu.foodhaven;
				PRODUCT_NAME = "$(TARGET_NAME)";
			};
			name = Debug;
		};
		3E8BD5301BF70C0D0018EEE4 /* Release */ = {
			isa = XCBuildConfiguration;
			baseConfigurationReference = ACC95E4203BD158F51854834 /* Pods.release.xcconfig */;
			buildSettings = {
				ASSETCATALOG_COMPILER_APPICON_NAME = AppIcon;
				INFOPLIST_FILE = foodhaven/Info.plist;
				LD_RUNPATH_SEARCH_PATHS = "$(inherited) @executable_path/Frameworks";
				PRODUCT_BUNDLE_IDENTIFIER = com.madhu.foodhaven;
				PRODUCT_NAME = "$(TARGET_NAME)";
			};
			name = Release;
		};
		3E8BD5321BF70C0D0018EEE4 /* Debug */ = {
			isa = XCBuildConfiguration;
			buildSettings = {
				BUNDLE_LOADER = "$(TEST_HOST)";
				INFOPLIST_FILE = foodhavenTests/Info.plist;
				LD_RUNPATH_SEARCH_PATHS = "$(inherited) @executable_path/Frameworks @loader_path/Frameworks";
				PRODUCT_BUNDLE_IDENTIFIER = com.madhu.foodhavenTests;
				PRODUCT_NAME = "$(TARGET_NAME)";
				TEST_HOST = "$(BUILT_PRODUCTS_DIR)/foodhaven.app/foodhaven";
			};
			name = Debug;
		};
		3E8BD5331BF70C0D0018EEE4 /* Release */ = {
			isa = XCBuildConfiguration;
			buildSettings = {
				BUNDLE_LOADER = "$(TEST_HOST)";
				INFOPLIST_FILE = foodhavenTests/Info.plist;
				LD_RUNPATH_SEARCH_PATHS = "$(inherited) @executable_path/Frameworks @loader_path/Frameworks";
				PRODUCT_BUNDLE_IDENTIFIER = com.madhu.foodhavenTests;
				PRODUCT_NAME = "$(TARGET_NAME)";
				TEST_HOST = "$(BUILT_PRODUCTS_DIR)/foodhaven.app/foodhaven";
			};
			name = Release;
		};
/* End XCBuildConfiguration section */

/* Begin XCConfigurationList section */
		3E8BD50C1BF70C0C0018EEE4 /* Build configuration list for PBXProject "foodhaven" */ = {
			isa = XCConfigurationList;
			buildConfigurations = (
				3E8BD52C1BF70C0D0018EEE4 /* Debug */,
				3E8BD52D1BF70C0D0018EEE4 /* Release */,
			);
			defaultConfigurationIsVisible = 0;
			defaultConfigurationName = Release;
		};
		3E8BD52E1BF70C0D0018EEE4 /* Build configuration list for PBXNativeTarget "foodhaven" */ = {
			isa = XCConfigurationList;
			buildConfigurations = (
				3E8BD52F1BF70C0D0018EEE4 /* Debug */,
				3E8BD5301BF70C0D0018EEE4 /* Release */,
			);
			defaultConfigurationIsVisible = 0;
			defaultConfigurationName = Release;
		};
		3E8BD5311BF70C0D0018EEE4 /* Build configuration list for PBXNativeTarget "foodhavenTests" */ = {
			isa = XCConfigurationList;
			buildConfigurations = (
				3E8BD5321BF70C0D0018EEE4 /* Debug */,
				3E8BD5331BF70C0D0018EEE4 /* Release */,
			);
			defaultConfigurationIsVisible = 0;
			defaultConfigurationName = Release;
		};
/* End XCConfigurationList section */
	};
	rootObject = 3E8BD5091BF70C0C0018EEE4 /* Project object */;
}
